
Microsoft Visual Studio Solution File, Format Version 12.00
# Visual Studio Express 2013 for Web
VisualStudioVersion = 12.0.31101.0
MinimumVisualStudioVersion = 10.0.40219.1
Project("{FAE04EC0-301F-11D3-BF4B-00C04F79EFBC}") = "smr", "smr\smr.csproj", "{4905CF68-50B7-476B-9CED-22236D2BDC1B}"
EndProject
Project("{FAE04EC0-301F-11D3-BF4B-00C04F79EFBC}") = "bullet", "bullet\bullet.csproj", "{7616A359-1CC7-4711-9E16-415474F0CFA2}"
EndProject
Project("{FAE04EC0-301F-11D3-BF4B-00C04F79EFBC}") = "zatuyou", "zatuyou\zatuyou.csproj", "{2AF3CC4E-9837-4B9C-B602-2ED9ED2B099D}"
EndProject
Project("{FAE04EC0-301F-11D3-BF4B-00C04F79EFBC}") = "test", "test\test.csproj", "{D300AFC8-9144-442C-8911-82BC1F99B41A}"
EndProject
Project("{2150E333-8FDC-42A3-9474-1A3956D46DE8}") = "Solution Items", "Solution Items", "{22C79FD4-650F-45FB-A707-50FF60D86825}"
	ProjectSection(SolutionItems) = preProject
		index.html = index.html
		Script1.js = Script1.js
		bullet\tmlib.js = bullet\tmlib.js
	EndProjectSection
EndProject
Project("{2150E333-8FDC-42A3-9474-1A3956D46DE8}") = "paiza", "paiza", "{5B01C464-7CC9-406D-B92D-F57D3416AC9A}"
	ProjectSection(SolutionItems) = preProject
		..\..\..\..\..\..\pleiades4.4.1\workspace\MyJS2\paiza\amida.js = ..\..\..\..\..\..\pleiades4.4.1\workspace\MyJS2\paiza\amida.js
		..\..\..\..\..\..\pleiades4.4.1\workspace\MyJS2\paiza\beamReflec.js = ..\..\..\..\..\..\pleiades4.4.1\workspace\MyJS2\paiza\beamReflec.js
		biriyard.js = biriyard.js
		..\..\..\..\..\..\pleiades4.4.1\workspace\MyJS2\paiza\checkDigit.js = ..\..\..\..\..\..\pleiades4.4.1\workspace\MyJS2\paiza\checkDigit.js
		..\..\..\..\..\..\pleiades4.4.1\workspace\MyJS2\paiza\dataHist.js = ..\..\..\..\..\..\pleiades4.4.1\workspace\MyJS2\paiza\dataHist.js
		..\..\..\..\..\..\pleiades4.4.1\workspace\MyJS2\paiza\hanoi.js = ..\..\..\..\..\..\pleiades4.4.1\workspace\MyJS2\paiza\hanoi.js
		kobito.js = kobito.js
		..\..\..\..\..\..\pleiades4.4.1\workspace\MyJS2\paiza\land.js = ..\..\..\..\..\..\pleiades4.4.1\workspace\MyJS2\paiza\land.js
		..\..\..\..\..\..\pleiades4.4.1\workspace\MyJS2\paiza\latedTrain.js = ..\..\..\..\..\..\pleiades4.4.1\workspace\MyJS2\paiza\latedTrain.js
		..\..\..\..\..\..\pleiades4.4.1\workspace\MyJS2\paiza\mod7.js = ..\..\..\..\..\..\pleiades4.4.1\workspace\MyJS2\paiza\mod7.js
		netsafine.js = netsafine.js
		..\..\..\..\..\..\pleiades4.4.1\workspace\MyJS2\paiza\reversi.js = ..\..\..\..\..\..\pleiades4.4.1\workspace\MyJS2\paiza\reversi.js
		..\..\..\..\..\..\pleiades4.4.1\workspace\MyJS2\paiza\saitan.js = ..\..\..\..\..\..\pleiades4.4.1\workspace\MyJS2\paiza\saitan.js
		..\..\..\..\..\..\pleiades4.4.1\workspace\MyJS2\paiza\ThreeDPrinter.js = ..\..\..\..\..\..\pleiades4.4.1\workspace\MyJS2\paiza\ThreeDPrinter.js
		whereAreWe.js = whereAreWe.js
	EndProjectSection
EndProject
Project("{2150E333-8FDC-42A3-9474-1A3956D46DE8}") = "poh", "poh", "{2FF52382-14FA-4107-8B71-465A677980E1}"
	ProjectSection(SolutionItems) = preProject
		pazzle15.js = pazzle15.js
	EndProjectSection
EndProject
Project("{2150E333-8FDC-42A3-9474-1A3956D46DE8}") = "codeiq", "codeiq", "{AA968BEA-12C1-4CB3-A534-E02A6FD988FD}"
EndProject
Project("{2150E333-8FDC-42A3-9474-1A3956D46DE8}") = "otimono", "otimono", "{95DA9019-543E-40C4-9FB0-8350E14B69D1}"
EndProject
Project("{2150E333-8FDC-42A3-9474-1A3956D46DE8}") = "tmlibClass", "tmlibClass", "{060A4460-DCCC-4D26-9BAD-E844F7205016}"
	ProjectSection(SolutionItems) = preProject
		tmlibClass\Arrow.js = tmlibClass\Arrow.js
		tmlibClass\Flick.js = tmlibClass\Flick.js
		tmlibClass\random.js = tmlibClass\random.js
		tmlibClass\test.js = tmlibClass\test.js
		tmlibClass\tmlib.js = tmlibClass\tmlib.js
	EndProjectSection
EndProject
Project("{2150E333-8FDC-42A3-9474-1A3956D46DE8}") = "milkcocoa", "milkcocoa", "{EA558736-D4C2-45DC-A181-0ECC59C25D85}"
	ProjectSection(SolutionItems) = preProject
		milkcocoa-ver.simiraaaa.js = milkcocoa-ver.simiraaaa.js
	EndProjectSection
EndProject
Project("{2150E333-8FDC-42A3-9474-1A3956D46DE8}") = "livestant", "livestant", "{88BDA5F6-161F-47E2-B486-AE443B78D607}"
	ProjectSection(SolutionItems) = preProject
		livestant\index.html = livestant\index.html
		livestant\index.js = livestant\index.js
		livestant\livestant.css = livestant\livestant.css
		livestant\livestant.js = livestant\livestant.js
		smr\smr.ajax.js = smr\smr.ajax.js
		smr\smr.dom.js = smr\smr.dom.js
		smr\smr.google.js = smr\smr.google.js
		smr\smr.js = smr\smr.js
		smr\smr.util.js = smr\smr.util.js
	EndProjectSection
EndProject
Global
	GlobalSection(SolutionConfigurationPlatforms) = preSolution
		Debug|Any CPU = Debug|Any CPU
		Release|Any CPU = Release|Any CPU
	EndGlobalSection
	GlobalSection(ProjectConfigurationPlatforms) = postSolution
		{4905CF68-50B7-476B-9CED-22236D2BDC1B}.Debug|Any CPU.ActiveCfg = Debug|Any CPU
		{4905CF68-50B7-476B-9CED-22236D2BDC1B}.Debug|Any CPU.Build.0 = Debug|Any CPU
		{4905CF68-50B7-476B-9CED-22236D2BDC1B}.Release|Any CPU.ActiveCfg = Release|Any CPU
		{4905CF68-50B7-476B-9CED-22236D2BDC1B}.Release|Any CPU.Build.0 = Release|Any CPU
		{7616A359-1CC7-4711-9E16-415474F0CFA2}.Debug|Any CPU.ActiveCfg = Debug|Any CPU
		{7616A359-1CC7-4711-9E16-415474F0CFA2}.Debug|Any CPU.Build.0 = Debug|Any CPU
		{7616A359-1CC7-4711-9E16-415474F0CFA2}.Release|Any CPU.ActiveCfg = Release|Any CPU
		{7616A359-1CC7-4711-9E16-415474F0CFA2}.Release|Any CPU.Build.0 = Release|Any CPU
		{2AF3CC4E-9837-4B9C-B602-2ED9ED2B099D}.Debug|Any CPU.ActiveCfg = Debug|Any CPU
		{2AF3CC4E-9837-4B9C-B602-2ED9ED2B099D}.Debug|Any CPU.Build.0 = Debug|Any CPU
		{2AF3CC4E-9837-4B9C-B602-2ED9ED2B099D}.Release|Any CPU.ActiveCfg = Release|Any CPU
		{2AF3CC4E-9837-4B9C-B602-2ED9ED2B099D}.Release|Any CPU.Build.0 = Release|Any CPU
		{D300AFC8-9144-442C-8911-82BC1F99B41A}.Debug|Any CPU.ActiveCfg = Debug|Any CPU
		{D300AFC8-9144-442C-8911-82BC1F99B41A}.Debug|Any CPU.Build.0 = Debug|Any CPU
		{D300AFC8-9144-442C-8911-82BC1F99B41A}.Release|Any CPU.ActiveCfg = Release|Any CPU
		{D300AFC8-9144-442C-8911-82BC1F99B41A}.Release|Any CPU.Build.0 = Release|Any CPU
	EndGlobalSection
	GlobalSection(SolutionProperties) = preSolution
		HideSolutionNode = FALSE
	EndGlobalSection
	GlobalSection(NestedProjects) = preSolution
		{2FF52382-14FA-4107-8B71-465A677980E1} = {5B01C464-7CC9-406D-B92D-F57D3416AC9A}
		{95DA9019-543E-40C4-9FB0-8350E14B69D1} = {AA968BEA-12C1-4CB3-A534-E02A6FD988FD}
	EndGlobalSection
EndGlobal
